// !$*UTF8*$!
{
	archiveVersion = 1;
	classes = {
	};
	objectVersion = 50;
	objects = {

/* Begin PBXBuildFile section */
		3E1DF45923F3222E0002BC07 /* AppDelegate.swift in Sources */ = {isa = PBXBuildFile; fileRef = 3E1DF45823F3222E0002BC07 /* AppDelegate.swift */; };
		3E1DF45B23F3222E0002BC07 /* SceneDelegate.swift in Sources */ = {isa = PBXBuildFile; fileRef = 3E1DF45A23F3222E0002BC07 /* SceneDelegate.swift */; };
		3E1DF46023F3222E0002BC07 /* Main.storyboard in Resources */ = {isa = PBXBuildFile; fileRef = 3E1DF45E23F3222E0002BC07 /* Main.storyboard */; };
		3E1DF46323F3222E0002BC07 /* PlaylistCoredata.xcdatamodeld in Sources */ = {isa = PBXBuildFile; fileRef = 3E1DF46123F3222E0002BC07 /* PlaylistCoredata.xcdatamodeld */; };
		3E1DF46523F322300002BC07 /* Assets.xcassets in Resources */ = {isa = PBXBuildFile; fileRef = 3E1DF46423F322300002BC07 /* Assets.xcassets */; };
		3E1DF46823F322300002BC07 /* LaunchScreen.storyboard in Resources */ = {isa = PBXBuildFile; fileRef = 3E1DF46623F322300002BC07 /* LaunchScreen.storyboard */; };
		AC96FA352410273700ACCD4F /* Playlist+Convenience.swift in Sources */ = {isa = PBXBuildFile; fileRef = AC96FA342410273700ACCD4F /* Playlist+Convenience.swift */; };
		AC96FA372410289600ACCD4F /* CoreDataStack.swift in Sources */ = {isa = PBXBuildFile; fileRef = AC96FA362410289600ACCD4F /* CoreDataStack.swift */; };
		AC96FA3924102F1100ACCD4F /* Song+Convenience.swift in Sources */ = {isa = PBXBuildFile; fileRef = AC96FA3824102F1100ACCD4F /* Song+Convenience.swift */; };
		AC96FA3B2410335E00ACCD4F /* PlaylistController.swift in Sources */ = {isa = PBXBuildFile; fileRef = AC96FA3A2410335E00ACCD4F /* PlaylistController.swift */; };
		AC96FA3D24103A2B00ACCD4F /* SongController.swift in Sources */ = {isa = PBXBuildFile; fileRef = AC96FA3C24103A2B00ACCD4F /* SongController.swift */; };
/* End PBXBuildFile section */

/* Begin PBXFileReference section */
		3E1DF45523F3222E0002BC07 /* PlaylistCoredata.app */ = {isa = PBXFileReference; explicitFileType = wrapper.application; includeInIndex = 0; path = PlaylistCoredata.app; sourceTree = BUILT_PRODUCTS_DIR; };
		3E1DF45823F3222E0002BC07 /* AppDelegate.swift */ = {isa = PBXFileReference; lastKnownFileType = sourcecode.swift; path = AppDelegate.swift; sourceTree = "<group>"; };
		3E1DF45A23F3222E0002BC07 /* SceneDelegate.swift */ = {isa = PBXFileReference; lastKnownFileType = sourcecode.swift; path = SceneDelegate.swift; sourceTree = "<group>"; };
		3E1DF45F23F3222E0002BC07 /* Base */ = {isa = PBXFileReference; lastKnownFileType = file.storyboard; name = Base; path = Base.lproj/Main.storyboard; sourceTree = "<group>"; };
		3E1DF46223F3222E0002BC07 /* PlaylistCoredata.xcdatamodel */ = {isa = PBXFileReference; lastKnownFileType = wrapper.xcdatamodel; path = PlaylistCoredata.xcdatamodel; sourceTree = "<group>"; };
		3E1DF46423F322300002BC07 /* Assets.xcassets */ = {isa = PBXFileReference; lastKnownFileType = folder.assetcatalog; path = Assets.xcassets; sourceTree = "<group>"; };
		3E1DF46723F322300002BC07 /* Base */ = {isa = PBXFileReference; lastKnownFileType = file.storyboard; name = Base; path = Base.lproj/LaunchScreen.storyboard; sourceTree = "<group>"; };
		3E1DF46923F322300002BC07 /* Info.plist */ = {isa = PBXFileReference; lastKnownFileType = text.plist.xml; path = Info.plist; sourceTree = "<group>"; };
		AC96FA342410273700ACCD4F /* Playlist+Convenience.swift */ = {isa = PBXFileReference; lastKnownFileType = sourcecode.swift; path = "Playlist+Convenience.swift"; sourceTree = "<group>"; };
		AC96FA362410289600ACCD4F /* CoreDataStack.swift */ = {isa = PBXFileReference; lastKnownFileType = sourcecode.swift; path = CoreDataStack.swift; sourceTree = "<group>"; };
		AC96FA3824102F1100ACCD4F /* Song+Convenience.swift */ = {isa = PBXFileReference; lastKnownFileType = sourcecode.swift; path = "Song+Convenience.swift"; sourceTree = "<group>"; };
		AC96FA3A2410335E00ACCD4F /* PlaylistController.swift */ = {isa = PBXFileReference; lastKnownFileType = sourcecode.swift; name = PlaylistController.swift; path = PlaylistCoredata/Model/PlaylistController.swift; sourceTree = SOURCE_ROOT; };
		AC96FA3C24103A2B00ACCD4F /* SongController.swift */ = {isa = PBXFileReference; lastKnownFileType = sourcecode.swift; name = SongController.swift; path = PlaylistCoredata/Model/SongController.swift; sourceTree = SOURCE_ROOT; };
/* End PBXFileReference section */

/* Begin PBXFrameworksBuildPhase section */
		3E1DF45223F3222E0002BC07 /* Frameworks */ = {
			isa = PBXFrameworksBuildPhase;
			buildActionMask = 2147483647;
			files = (
			);
			runOnlyForDeploymentPostprocessing = 0;
		};
/* End PBXFrameworksBuildPhase section */

/* Begin PBXGroup section */
		3E1DF44C23F3222E0002BC07 = {
			isa = PBXGroup;
			children = (
				3E1DF45723F3222E0002BC07 /* PlaylistCoredata */,
				3E1DF45623F3222E0002BC07 /* Products */,
			);
			sourceTree = "<group>";
		};
		3E1DF45623F3222E0002BC07 /* Products */ = {
			isa = PBXGroup;
			children = (
				3E1DF45523F3222E0002BC07 /* PlaylistCoredata.app */,
			);
			name = Products;
			sourceTree = "<group>";
		};
		3E1DF45723F3222E0002BC07 /* PlaylistCoredata */ = {
			isa = PBXGroup;
			children = (
				3E1DF47223F3229A0002BC07 /* Controllers */,
				3E1DF47023F3224F0002BC07 /* Model */,
				3E1DF46F23F3223E0002BC07 /* Resources */,
				3E1DF47123F3228E0002BC07 /* Views */,
			);
			path = PlaylistCoredata;
			sourceTree = "<group>";
		};
		3E1DF46F23F3223E0002BC07 /* Resources */ = {
			isa = PBXGroup;
			children = (
				3E1DF46423F322300002BC07 /* Assets.xcassets */,
				3E1DF45823F3222E0002BC07 /* AppDelegate.swift */,
				3E1DF45A23F3222E0002BC07 /* SceneDelegate.swift */,
				3E1DF46923F322300002BC07 /* Info.plist */,
			);
			path = Resources;
			sourceTree = "<group>";
		};
		3E1DF47023F3224F0002BC07 /* Model */ = {
			isa = PBXGroup;
			children = (
				3E1DF46123F3222E0002BC07 /* PlaylistCoredata.xcdatamodeld */,
				AC96FA342410273700ACCD4F /* Playlist+Convenience.swift */,
				AC96FA3824102F1100ACCD4F /* Song+Convenience.swift */,
				AC96FA362410289600ACCD4F /* CoreDataStack.swift */,
			);
			path = Model;
			sourceTree = "<group>";
		};
		3E1DF47123F3228E0002BC07 /* Views */ = {
			isa = PBXGroup;
			children = (
				3E1DF46623F322300002BC07 /* LaunchScreen.storyboard */,
				3E1DF45E23F3222E0002BC07 /* Main.storyboard */,
			);
			path = Views;
			sourceTree = "<group>";
		};
		3E1DF47223F3229A0002BC07 /* Controllers */ = {
			isa = PBXGroup;
			children = (
				3E1DF47423F322A90002BC07 /* ViewControllers */,
				3E1DF47323F322A30002BC07 /* Model Controllers */,
			);
			path = Controllers;
			sourceTree = "<group>";
		};
		3E1DF47323F322A30002BC07 /* Model Controllers */ = {
			isa = PBXGroup;
			children = (
				AC96FA3A2410335E00ACCD4F /* PlaylistController.swift */,
				AC96FA3C24103A2B00ACCD4F /* SongController.swift */,
			);
			path = "Model Controllers";
			sourceTree = "<group>";
		};
		3E1DF47423F322A90002BC07 /* ViewControllers */ = {
			isa = PBXGroup;
			children = (
			);
			path = ViewControllers;
			sourceTree = "<group>";
		};
/* End PBXGroup section */

/* Begin PBXNativeTarget section */
		3E1DF45423F3222E0002BC07 /* PlaylistCoredata */ = {
			isa = PBXNativeTarget;
			buildConfigurationList = 3E1DF46C23F322300002BC07 /* Build configuration list for PBXNativeTarget "PlaylistCoredata" */;
			buildPhases = (
				3E1DF45123F3222E0002BC07 /* Sources */,
				3E1DF45223F3222E0002BC07 /* Frameworks */,
				3E1DF45323F3222E0002BC07 /* Resources */,
			);
			buildRules = (
			);
			dependencies = (
			);
			name = PlaylistCoredata;
			productName = PlaylistCoredata;
			productReference = 3E1DF45523F3222E0002BC07 /* PlaylistCoredata.app */;
			productType = "com.apple.product-type.application";
		};
/* End PBXNativeTarget section */

/* Begin PBXProject section */
		3E1DF44D23F3222E0002BC07 /* Project object */ = {
			isa = PBXProject;
			attributes = {
				LastSwiftUpdateCheck = 1130;
				LastUpgradeCheck = 1130;
				ORGANIZATIONNAME = "Trevor Walker";
				TargetAttributes = {
					3E1DF45423F3222E0002BC07 = {
						CreatedOnToolsVersion = 11.3.1;
					};
				};
			};
			buildConfigurationList = 3E1DF45023F3222E0002BC07 /* Build configuration list for PBXProject "PlaylistCoredata" */;
			compatibilityVersion = "Xcode 9.3";
			developmentRegion = en;
			hasScannedForEncodings = 0;
			knownRegions = (
				en,
				Base,
			);
			mainGroup = 3E1DF44C23F3222E0002BC07;
			productRefGroup = 3E1DF45623F3222E0002BC07 /* Products */;
			projectDirPath = "";
			projectRoot = "";
			targets = (
				3E1DF45423F3222E0002BC07 /* PlaylistCoredata */,
			);
		};
/* End PBXProject section */

/* Begin PBXResourcesBuildPhase section */
		3E1DF45323F3222E0002BC07 /* Resources */ = {
			isa = PBXResourcesBuildPhase;
			buildActionMask = 2147483647;
			files = (
				3E1DF46823F322300002BC07 /* LaunchScreen.storyboard in Resources */,
				3E1DF46523F322300002BC07 /* Assets.xcassets in Resources */,
				3E1DF46023F3222E0002BC07 /* Main.storyboard in Resources */,
			);
			runOnlyForDeploymentPostprocessing = 0;
		};
/* End PBXResourcesBuildPhase section */

/* Begin PBXSourcesBuildPhase section */
		3E1DF45123F3222E0002BC07 /* Sources */ = {
			isa = PBXSourcesBuildPhase;
			buildActionMask = 2147483647;
			files = (
				AC96FA372410289600ACCD4F /* CoreDataStack.swift in Sources */,
				3E1DF45923F3222E0002BC07 /* AppDelegate.swift in Sources */,
				AC96FA3D24103A2B00ACCD4F /* SongController.swift in Sources */,
				AC96FA3924102F1100ACCD4F /* Song+Convenience.swift in Sources */,
				3E1DF46323F3222E0002BC07 /* PlaylistCoredata.xcdatamodeld in Sources */,
				3E1DF45B23F3222E0002BC07 /* SceneDelegate.swift in Sources */,
				AC96FA352410273700ACCD4F /* Playlist+Convenience.swift in Sources */,
				AC96FA3B2410335E00ACCD4F /* PlaylistController.swift in Sources */,
			);
			runOnlyForDeploymentPostprocessing = 0;
		};
/* End PBXSourcesBuildPhase section */

/* Begin PBXVariantGroup section */
		3E1DF45E23F3222E0002BC07 /* Main.storyboard */ = {
			isa = PBXVariantGroup;
			children = (
				3E1DF45F23F3222E0002BC07 /* Base */,
			);
			name = Main.storyboard;
			sourceTree = "<group>";
		};
		3E1DF46623F322300002BC07 /* LaunchScreen.storyboard */ = {
			isa = PBXVariantGroup;
			children = (
				3E1DF46723F322300002BC07 /* Base */,
			);
			name = LaunchScreen.storyboard;
			sourceTree = "<group>";
		};
/* End PBXVariantGroup section */

/* Begin XCBuildConfiguration section */
		3E1DF46A23F322300002BC07 /* Debug */ = {
			isa = XCBuildConfiguration;
			buildSettings = {
				ALWAYS_SEARCH_USER_PATHS = NO;
				CLANG_ANALYZER_NONNULL = YES;
				CLANG_ANALYZER_NUMBER_OBJECT_CONVERSION = YES_AGGRESSIVE;
				CLANG_CXX_LANGUAGE_STANDARD = "gnu++14";
				CLANG_CXX_LIBRARY = "libc++";
				CLANG_ENABLE_MODULES = YES;
				CLANG_ENABLE_OBJC_ARC = YES;
				CLANG_ENABLE_OBJC_WEAK = YES;
				CLANG_WARN_BLOCK_CAPTURE_AUTORELEASING = YES;
				CLANG_WARN_BOOL_CONVERSION = YES;
				CLANG_WARN_COMMA = YES;
				CLANG_WARN_CONSTANT_CONVERSION = YES;
				CLANG_WARN_DEPRECATED_OBJC_IMPLEMENTATIONS = YES;
				CLANG_WARN_DIRECT_OBJC_ISA_USAGE = YES_ERROR;
				CLANG_WARN_DOCUMENTATION_COMMENTS = YES;
				CLANG_WARN_EMPTY_BODY = YES;
				CLANG_WARN_ENUM_CONVERSION = YES;
				CLANG_WARN_INFINITE_RECURSION = YES;
				CLANG_WARN_INT_CONVERSION = YES;
				CLANG_WARN_NON_LITERAL_NULL_CONVERSION = YES;
				CLANG_WARN_OBJC_IMPLICIT_RETAIN_SELF = YES;
				CLANG_WARN_OBJC_LITERAL_CONVERSION = YES;
				CLANG_WARN_OBJC_ROOT_CLASS = YES_ERROR;
				CLANG_WARN_RANGE_LOOP_ANALYSIS = YES;
				CLANG_WARN_STRICT_PROTOTYPES = YES;
				CLANG_WARN_SUSPICIOUS_MOVE = YES;
				CLANG_WARN_UNGUARDED_AVAILABILITY = YES_AGGRESSIVE;
				CLANG_WARN_UNREACHABLE_CODE = YES;
				CLANG_WARN__DUPLICATE_METHOD_MATCH = YES;
				COPY_PHASE_STRIP = NO;
				DEBUG_INFORMATION_FORMAT = dwarf;
				ENABLE_STRICT_OBJC_MSGSEND = YES;
				ENABLE_TESTABILITY = YES;
				GCC_C_LANGUAGE_STANDARD = gnu11;
				GCC_DYNAMIC_NO_PIC = NO;
				GCC_NO_COMMON_BLOCKS = YES;
				GCC_OPTIMIZATION_LEVEL = 0;
				GCC_PREPROCESSOR_DEFINITIONS = (
					"DEBUG=1",
					"$(inherited)",
				);
				GCC_WARN_64_TO_32_BIT_CONVERSION = YES;
				GCC_WARN_ABOUT_RETURN_TYPE = YES_ERROR;
				GCC_WARN_UNDECLARED_SELECTOR = YES;
				GCC_WARN_UNINITIALIZED_AUTOS = YES_AGGRESSIVE;
				GCC_WARN_UNUSED_FUNCTION = YES;
				GCC_WARN_UNUSED_VARIABLE = YES;
				IPHONEOS_DEPLOYMENT_TARGET = 13.2;
				MTL_ENABLE_DEBUG_INFO = INCLUDE_SOURCE;
				MTL_FAST_MATH = YES;
				ONLY_ACTIVE_ARCH = YES;
				SDKROOT = iphoneos;
				SWIFT_ACTIVE_COMPILATION_CONDITIONS = DEBUG;
				SWIFT_OPTIMIZATION_LEVEL = "-Onone";
			};
			name = Debug;
		};
		3E1DF46B23F322300002BC07 /* Release */ = {
			isa = XCBuildConfiguration;
			buildSettings = {
				ALWAYS_SEARCH_USER_PATHS = NO;
				CLANG_ANALYZER_NONNULL = YES;
				CLANG_ANALYZER_NUMBER_OBJECT_CONVERSION = YES_AGGRESSIVE;
				CLANG_CXX_LANGUAGE_STANDARD = "gnu++14";
				CLANG_CXX_LIBRARY = "libc++";
				CLANG_ENABLE_MODULES = YES;
				CLANG_ENABLE_OBJC_ARC = YES;
				CLANG_ENABLE_OBJC_WEAK = YES;
				CLANG_WARN_BLOCK_CAPTURE_AUTORELEASING = YES;
				CLANG_WARN_BOOL_CONVERSION = YES;
				CLANG_WARN_COMMA = YES;
				CLANG_WARN_CONSTANT_CONVERSION = YES;
				CLANG_WARN_DEPRECATED_OBJC_IMPLEMENTATIONS = YES;
				CLANG_WARN_DIRECT_OBJC_ISA_USAGE = YES_ERROR;
				CLANG_WARN_DOCUMENTATION_COMMENTS = YES;
				CLANG_WARN_EMPTY_BODY = YES;
				CLANG_WARN_ENUM_CONVERSION = YES;
				CLANG_WARN_INFINITE_RECURSION = YES;
				CLANG_WARN_INT_CONVERSION = YES;
				CLANG_WARN_NON_LITERAL_NULL_CONVERSION = YES;
				CLANG_WARN_OBJC_IMPLICIT_RETAIN_SELF = YES;
				CLANG_WARN_OBJC_LITERAL_CONVERSION = YES;
				CLANG_WARN_OBJC_ROOT_CLASS = YES_ERROR;
				CLANG_WARN_RANGE_LOOP_ANALYSIS = YES;
				CLANG_WARN_STRICT_PROTOTYPES = YES;
				CLANG_WARN_SUSPICIOUS_MOVE = YES;
				CLANG_WARN_UNGUARDED_AVAILABILITY = YES_AGGRESSIVE;
				CLANG_WARN_UNREACHABLE_CODE = YES;
				CLANG_WARN__DUPLICATE_METHOD_MATCH = YES;
				COPY_PHASE_STRIP = NO;
				DEBUG_INFORMATION_FORMAT = "dwarf-with-dsym";
				ENABLE_NS_ASSERTIONS = NO;
				ENABLE_STRICT_OBJC_MSGSEND = YES;
				GCC_C_LANGUAGE_STANDARD = gnu11;
				GCC_NO_COMMON_BLOCKS = YES;
				GCC_WARN_64_TO_32_BIT_CONVERSION = YES;
				GCC_WARN_ABOUT_RETURN_TYPE = YES_ERROR;
				GCC_WARN_UNDECLARED_SELECTOR = YES;
				GCC_WARN_UNINITIALIZED_AUTOS = YES_AGGRESSIVE;
				GCC_WARN_UNUSED_FUNCTION = YES;
				GCC_WARN_UNUSED_VARIABLE = YES;
				IPHONEOS_DEPLOYMENT_TARGET = 13.2;
				MTL_ENABLE_DEBUG_INFO = NO;
				MTL_FAST_MATH = YES;
				SDKROOT = iphoneos;
				SWIFT_COMPILATION_MODE = wholemodule;
				SWIFT_OPTIMIZATION_LEVEL = "-O";
				VALIDATE_PRODUCT = YES;
			};
			name = Release;
		};
		3E1DF46D23F322300002BC07 /* Debug */ = {
			isa = XCBuildConfiguration;
			buildSettings = {
				ASSETCATALOG_COMPILER_APPICON_NAME = AppIcon;
				CODE_SIGN_STYLE = Automatic;
				DEVELOPMENT_TEAM = UCL5625TDG;
				INFOPLIST_FILE = "$(SRCROOT)/PlaylistCoredata/Resources/Info.plist";
				LD_RUNPATH_SEARCH_PATHS = (
					"$(inherited)",
					"@executable_path/Frameworks",
				);
				PRODUCT_BUNDLE_IDENTIFIER = com.TrevorWalker.PlaylistCoredata;
				PRODUCT_NAME = "$(TARGET_NAME)";
				SWIFT_VERSION = 5.0;
				TARGETED_DEVICE_FAMILY = "1,2";
			};
			name = Debug;
		};
		3E1DF46E23F322300002BC07 /* Release */ = {
			isa = XCBuildConfiguration;
			buildSettings = {
				ASSETCATALOG_COMPILER_APPICON_NAME = AppIcon;
				CODE_SIGN_STYLE = Automatic;
				DEVELOPMENT_TEAM = UCL5625TDG;
				INFOPLIST_FILE = "$(SRCROOT)/PlaylistCoredata/Resources/Info.plist";
				LD_RUNPATH_SEARCH_PATHS = (
					"$(inherited)",
					"@executable_path/Frameworks",
				);
				PRODUCT_BUNDLE_IDENTIFIER = com.TrevorWalker.PlaylistCoredata;
				PRODUCT_NAME = "$(TARGET_NAME)";
				SWIFT_VERSION = 5.0;
				TARGETED_DEVICE_FAMILY = "1,2";
			};
			name = Release;
		};
/* End XCBuildConfiguration section */

/* Begin XCConfigurationList section */
		3E1DF45023F3222E0002BC07 /* Build configuration list for PBXProject "PlaylistCoredata" */ = {
			isa = XCConfigurationList;
			buildConfigurations = (
				3E1DF46A23F322300002BC07 /* Debug */,
				3E1DF46B23F322300002BC07 /* Release */,
			);
			defaultConfigurationIsVisible = 0;
			defaultConfigurationName = Release;
		};
		3E1DF46C23F322300002BC07 /* Build configuration list for PBXNativeTarget "PlaylistCoredata" */ = {
			isa = XCConfigurationList;
			buildConfigurations = (
				3E1DF46D23F322300002BC07 /* Debug */,
				3E1DF46E23F322300002BC07 /* Release */,
			);
			defaultConfigurationIsVisible = 0;
			defaultConfigurationName = Release;
		};
/* End XCConfigurationList section */

/* Begin XCVersionGroup section */
		3E1DF46123F3222E0002BC07 /* PlaylistCoredata.xcdatamodeld */ = {
			isa = XCVersionGroup;
			children = (
				3E1DF46223F3222E0002BC07 /* PlaylistCoredata.xcdatamodel */,
			);
			currentVersion = 3E1DF46223F3222E0002BC07 /* PlaylistCoredata.xcdatamodel */;
			path = PlaylistCoredata.xcdatamodeld;
			sourceTree = "<group>";
			versionGroupType = wrapper.xcdatamodel;
		};
/* End XCVersionGroup section */
	};
	rootObject = 3E1DF44D23F3222E0002BC07 /* Project object */;
}
